
Microsoft Visual Studio Solution File, Format Version 12.00
# Visual Studio Version 16
VisualStudioVersion = 16.0.29728.190
MinimumVisualStudioVersion = 10.0.40219.1
Project("{FAE04EC0-301F-11D3-BF4B-00C04F79EFBC}") = "HangfireSample", "HangfireSample\HangfireSample.csproj", "{B4CA5A56-6623-44F9-8B5D-093FFA5C3FCE}"
EndProject
Global
	GlobalSection(SolutionConfigurationPlatforms) = preSolution
		Debug|Any CPU = Debug|Any CPU
		Release|Any CPU = Release|Any CPU
	EndGlobalSection
	GlobalSection(ProjectConfigurationPlatforms) = postSolution
		{B4CA5A56-6623-44F9-8B5D-093FFA5C3FCE}.Debug|Any CPU.ActiveCfg = Debug|Any CPU
		{B4CA5A56-6623-44F9-8B5D-093FFA5C3FCE}.Debug|Any CPU.Build.0 = Debug|Any CPU
		{B4CA5A56-6623-44F9-8B5D-093FFA5C3FCE}.Release|Any CPU.ActiveCfg = Release|Any CPU
		{B4CA5A56-6623-44F9-8B5D-093FFA5C3FCE}.Release|Any CPU.Build.0 = Release|Any CPU
	EndGlobalSection
	GlobalSection(SolutionProperties) = preSolution
		HideSolutionNode = FALSE
	EndGlobalSection
	GlobalSection(ExtensibilityGlobals) = postSolution
		SolutionGuid = {562F07BE-BA9B-414D-9B11-FFDE0492275C}
	EndGlobalSection
EndGlobal
